
Microsoft Visual Studio Solution File, Format Version 12.00
# Visual Studio 15
VisualStudioVersion = 15.0.27004.2006
MinimumVisualStudioVersion = 10.0.40219.1
Project("{FAE04EC0-301F-11D3-BF4B-00C04F79EFBC}") = "iTraceVS", "iTraceVS\iTraceVS.csproj", "{482ACFEC-E247-4781-AEFA-F3E3C2F7491C}"
EndProject
Global
	GlobalSection(SolutionConfigurationPlatforms) = preSolution
		Debug|Any CPU = Debug|Any CPU
		Debug|x86 = Debug|x86
		Release|Any CPU = Release|Any CPU
		Release|x86 = Release|x86
	EndGlobalSection
	GlobalSection(ProjectConfigurationPlatforms) = postSolution
		{482ACFEC-E247-4781-AEFA-F3E3C2F7491C}.Debug|Any CPU.ActiveCfg = Debug|Any CPU
		{482ACFEC-E247-4781-AEFA-F3E3C2F7491C}.Debug|Any CPU.Build.0 = Debug|Any CPU
		{482ACFEC-E247-4781-AEFA-F3E3C2F7491C}.Debug|x86.ActiveCfg = Debug|x86
		{482ACFEC-E247-4781-AEFA-F3E3C2F7491C}.Debug|x86.Build.0 = Debug|x86
		{482ACFEC-E247-4781-AEFA-F3E3C2F7491C}.Release|Any CPU.ActiveCfg = Release|x86
		{482ACFEC-E247-4781-AEFA-F3E3C2F7491C}.Release|Any CPU.Build.0 = Release|x86
		{482ACFEC-E247-4781-AEFA-F3E3C2F7491C}.Release|x86.ActiveCfg = Release|x86
		{482ACFEC-E247-4781-AEFA-F3E3C2F7491C}.Release|x86.Build.0 = Release|x86
	EndGlobalSection
	GlobalSection(SolutionProperties) = preSolution
		HideSolutionNode = FALSE
	EndGlobalSection
	GlobalSection(ExtensibilityGlobals) = postSolution
		SolutionGuid = {7D0D2BCB-9B16-4E05-B3FE-85908BFAD75B}
	EndGlobalSection
EndGlobal
